
Microsoft Visual Studio Solution File, Format Version 12.00
# Visual Studio 2013
VisualStudioVersion = 12.0.40629.0
MinimumVisualStudioVersion = 10.0.40219.1
Project("{8BC9CEB8-8B4A-11D0-8D11-00A0C91BC942}") = "MultiThreadingEx7", "MultiThreading\MultiThreading.vcxproj", "{3065C7EE-7F0F-46C5-9842-D892BF555180}"
EndProject
Project("{8BC9CEB8-8B4A-11D0-8D11-00A0C91BC942}") = "MultiThreadingEx8", "MultiThreadingEx8\MultiThreadingEx8.vcxproj", "{5319C17E-0073-4332-A517-DEC1BCF4EF82}"
EndProject
Project("{8BC9CEB8-8B4A-11D0-8D11-00A0C91BC942}") = "MultiThreadingEx9", "MultiThreadingEx9\MultiThreadingEx9.vcxproj", "{7CDB9C6D-8B48-4A7D-A8D3-BB171AC8B4CF}"
EndProject
Project("{8BC9CEB8-8B4A-11D0-8D11-00A0C91BC942}") = "MultiThreadingEx10", "MultiThreadingEx10\MultiThreadingEx10.vcxproj", "{D851C87F-8D3D-434E-AD27-5F82722AE16E}"
EndProject
Project("{8BC9CEB8-8B4A-11D0-8D11-00A0C91BC942}") = "ClientEx01", "ClientEx01\ClientEx01.vcxproj", "{81322D5C-846B-446C-B398-8A7F758CA7DD}"
EndProject
Project("{8BC9CEB8-8B4A-11D0-8D11-00A0C91BC942}") = "CServerEx01", "CServerEx01\CServerEx01.vcxproj", "{7B683E5B-86F2-4EBC-97E9-84F9C62CFE58}"
EndProject
Project("{8BC9CEB8-8B4A-11D0-8D11-00A0C91BC942}") = "CServerEx02", "CServerEx02\CServerEx02.vcxproj", "{40999942-8A00-43DC-9497-E523EAC1F33B}"
EndProject
Project("{8BC9CEB8-8B4A-11D0-8D11-00A0C91BC942}") = "ClientEx02", "ClientEx02\ClientEx02.vcxproj", "{A3195E42-B82D-4B28-8F50-C9D6BE950DC3}"
EndProject
Project("{8BC9CEB8-8B4A-11D0-8D11-00A0C91BC942}") = "CTicTacToeServer", "CTicTacToeServer\CTicTacToeServer.vcxproj", "{6F3309D1-CC63-47C8-A7E8-53B29CAFE0B9}"
EndProject
Project("{8BC9CEB8-8B4A-11D0-8D11-00A0C91BC942}") = "SQLiteC++TestProgram", "SQLiteC++TestProgram\SQLiteC++TestProgram.vcxproj", "{51D73374-61B2-45D8-ADF1-55D636273AF6}"
EndProject
Project("{8BC9CEB8-8B4A-11D0-8D11-00A0C91BC942}") = "LinearInterpolation", "LinearInterpolation\LinearInterpolation.vcxproj", "{0FC771A2-E1D7-4B8D-9F1B-560FD016FE74}"
EndProject
Global
	GlobalSection(SolutionConfigurationPlatforms) = preSolution
		Debug|Win32 = Debug|Win32
		Release|Win32 = Release|Win32
	EndGlobalSection
	GlobalSection(ProjectConfigurationPlatforms) = postSolution
		{3065C7EE-7F0F-46C5-9842-D892BF555180}.Debug|Win32.ActiveCfg = Debug|Win32
		{3065C7EE-7F0F-46C5-9842-D892BF555180}.Debug|Win32.Build.0 = Debug|Win32
		{3065C7EE-7F0F-46C5-9842-D892BF555180}.Release|Win32.ActiveCfg = Release|Win32
		{3065C7EE-7F0F-46C5-9842-D892BF555180}.Release|Win32.Build.0 = Release|Win32
		{5319C17E-0073-4332-A517-DEC1BCF4EF82}.Debug|Win32.ActiveCfg = Debug|Win32
		{5319C17E-0073-4332-A517-DEC1BCF4EF82}.Debug|Win32.Build.0 = Debug|Win32
		{5319C17E-0073-4332-A517-DEC1BCF4EF82}.Release|Win32.ActiveCfg = Release|Win32
		{5319C17E-0073-4332-A517-DEC1BCF4EF82}.Release|Win32.Build.0 = Release|Win32
		{7CDB9C6D-8B48-4A7D-A8D3-BB171AC8B4CF}.Debug|Win32.ActiveCfg = Debug|Win32
		{7CDB9C6D-8B48-4A7D-A8D3-BB171AC8B4CF}.Debug|Win32.Build.0 = Debug|Win32
		{7CDB9C6D-8B48-4A7D-A8D3-BB171AC8B4CF}.Release|Win32.ActiveCfg = Release|Win32
		{7CDB9C6D-8B48-4A7D-A8D3-BB171AC8B4CF}.Release|Win32.Build.0 = Release|Win32
		{D851C87F-8D3D-434E-AD27-5F82722AE16E}.Debug|Win32.ActiveCfg = Debug|Win32
		{D851C87F-8D3D-434E-AD27-5F82722AE16E}.Debug|Win32.Build.0 = Debug|Win32
		{D851C87F-8D3D-434E-AD27-5F82722AE16E}.Release|Win32.ActiveCfg = Release|Win32
		{D851C87F-8D3D-434E-AD27-5F82722AE16E}.Release|Win32.Build.0 = Release|Win32
		{81322D5C-846B-446C-B398-8A7F758CA7DD}.Debug|Win32.ActiveCfg = Debug|Win32
		{81322D5C-846B-446C-B398-8A7F758CA7DD}.Debug|Win32.Build.0 = Debug|Win32
		{81322D5C-846B-446C-B398-8A7F758CA7DD}.Release|Win32.ActiveCfg = Release|Win32
		{81322D5C-846B-446C-B398-8A7F758CA7DD}.Release|Win32.Build.0 = Release|Win32
		{7B683E5B-86F2-4EBC-97E9-84F9C62CFE58}.Debug|Win32.ActiveCfg = Debug|Win32
		{7B683E5B-86F2-4EBC-97E9-84F9C62CFE58}.Debug|Win32.Build.0 = Debug|Win32
		{7B683E5B-86F2-4EBC-97E9-84F9C62CFE58}.Release|Win32.ActiveCfg = Release|Win32
		{7B683E5B-86F2-4EBC-97E9-84F9C62CFE58}.Release|Win32.Build.0 = Release|Win32
		{40999942-8A00-43DC-9497-E523EAC1F33B}.Debug|Win32.ActiveCfg = Debug|Win32
		{40999942-8A00-43DC-9497-E523EAC1F33B}.Debug|Win32.Build.0 = Debug|Win32
		{40999942-8A00-43DC-9497-E523EAC1F33B}.Release|Win32.ActiveCfg = Release|Win32
		{40999942-8A00-43DC-9497-E523EAC1F33B}.Release|Win32.Build.0 = Release|Win32
		{A3195E42-B82D-4B28-8F50-C9D6BE950DC3}.Debug|Win32.ActiveCfg = Debug|Win32
		{A3195E42-B82D-4B28-8F50-C9D6BE950DC3}.Debug|Win32.Build.0 = Debug|Win32
		{A3195E42-B82D-4B28-8F50-C9D6BE950DC3}.Release|Win32.ActiveCfg = Release|Win32
		{A3195E42-B82D-4B28-8F50-C9D6BE950DC3}.Release|Win32.Build.0 = Release|Win32
		{6F3309D1-CC63-47C8-A7E8-53B29CAFE0B9}.Debug|Win32.ActiveCfg = Debug|Win32
		{6F3309D1-CC63-47C8-A7E8-53B29CAFE0B9}.Debug|Win32.Build.0 = Debug|Win32
		{6F3309D1-CC63-47C8-A7E8-53B29CAFE0B9}.Release|Win32.ActiveCfg = Release|Win32
		{6F3309D1-CC63-47C8-A7E8-53B29CAFE0B9}.Release|Win32.Build.0 = Release|Win32
		{51D73374-61B2-45D8-ADF1-55D636273AF6}.Debug|Win32.ActiveCfg = Debug|Win32
		{51D73374-61B2-45D8-ADF1-55D636273AF6}.Debug|Win32.Build.0 = Debug|Win32
		{51D73374-61B2-45D8-ADF1-55D636273AF6}.Release|Win32.ActiveCfg = Release|Win32
		{51D73374-61B2-45D8-ADF1-55D636273AF6}.Release|Win32.Build.0 = Release|Win32
		{0FC771A2-E1D7-4B8D-9F1B-560FD016FE74}.Debug|Win32.ActiveCfg = Debug|Win32
		{0FC771A2-E1D7-4B8D-9F1B-560FD016FE74}.Debug|Win32.Build.0 = Debug|Win32
		{0FC771A2-E1D7-4B8D-9F1B-560FD016FE74}.Release|Win32.ActiveCfg = Release|Win32
		{0FC771A2-E1D7-4B8D-9F1B-560FD016FE74}.Release|Win32.Build.0 = Release|Win32
	EndGlobalSection
	GlobalSection(SolutionProperties) = preSolution
		HideSolutionNode = FALSE
	EndGlobalSection
EndGlobal
